
Microsoft Visual Studio Solution File, Format Version 12.00
# Visual Studio Version 16
VisualStudioVersion = 16.0.29306.81
MinimumVisualStudioVersion = 10.0.40219.1
Project("{FAE04EC0-301F-11D3-BF4B-00C04F79EFBC}") = "Task15_2", "Task15_2\Task15_2.csproj", "{662A2FEA-5628-477F-A9B2-C56E18597F4B}"
EndProject
Global
	GlobalSection(SolutionConfigurationPlatforms) = preSolution
		Debug|Any CPU = Debug|Any CPU
		Release|Any CPU = Release|Any CPU
	EndGlobalSection
	GlobalSection(ProjectConfigurationPlatforms) = postSolution
		{662A2FEA-5628-477F-A9B2-C56E18597F4B}.Debug|Any CPU.ActiveCfg = Debug|Any CPU
		{662A2FEA-5628-477F-A9B2-C56E18597F4B}.Debug|Any CPU.Build.0 = Debug|Any CPU
		{662A2FEA-5628-477F-A9B2-C56E18597F4B}.Release|Any CPU.ActiveCfg = Release|Any CPU
		{662A2FEA-5628-477F-A9B2-C56E18597F4B}.Release|Any CPU.Build.0 = Release|Any CPU
	EndGlobalSection
	GlobalSection(SolutionProperties) = preSolution
		HideSolutionNode = FALSE
	EndGlobalSection
	GlobalSection(ExtensibilityGlobals) = postSolution
		SolutionGuid = {D7B346A8-09AA-443C-BACD-74CE04C079FF}
	EndGlobalSection
EndGlobal
